
Microsoft Visual Studio Solution File, Format Version 12.00
# Visual Studio Version 16
VisualStudioVersion = 16.0.29418.71
MinimumVisualStudioVersion = 10.0.40219.1
Project("{FAE04EC0-301F-11D3-BF4B-00C04F79EFBC}") = "WebAppAPI", "WebAppAPI.csproj", "{AA91B58E-FBE4-4531-8360-6C36F759FAD9}"
EndProject
Global
	GlobalSection(SolutionConfigurationPlatforms) = preSolution
		Debug|Any CPU = Debug|Any CPU
		Release|Any CPU = Release|Any CPU
	EndGlobalSection
	GlobalSection(ProjectConfigurationPlatforms) = postSolution
		{AA91B58E-FBE4-4531-8360-6C36F759FAD9}.Debug|Any CPU.ActiveCfg = Debug|Any CPU
		{AA91B58E-FBE4-4531-8360-6C36F759FAD9}.Debug|Any CPU.Build.0 = Debug|Any CPU
		{AA91B58E-FBE4-4531-8360-6C36F759FAD9}.Release|Any CPU.ActiveCfg = Release|Any CPU
		{AA91B58E-FBE4-4531-8360-6C36F759FAD9}.Release|Any CPU.Build.0 = Release|Any CPU
	EndGlobalSection
	GlobalSection(SolutionProperties) = preSolution
		HideSolutionNode = FALSE
	EndGlobalSection
	GlobalSection(ExtensibilityGlobals) = postSolution
		SolutionGuid = {F7346721-2FE4-4028-BE74-CB34D285E613}
	EndGlobalSection
EndGlobal
